
Microsoft Visual Studio Solution File, Format Version 12.00
# Visual Studio Version 16
VisualStudioVersion = 16.0.30413.136
MinimumVisualStudioVersion = 10.0.40219.1
Project("{9A19103F-16F7-4668-BE54-9A1E7A4F7556}") = "MikeyFriedChicken.EmmaExportToBankImport", "MikeyFriedChicken.EmmaExportToBankImport.csproj", "{7E763E6D-E99C-485D-B71D-AEACB654CC51}"
EndProject
Global
	GlobalSection(SolutionConfigurationPlatforms) = preSolution
		Debug|Any CPU = Debug|Any CPU
		Release|Any CPU = Release|Any CPU
	EndGlobalSection
	GlobalSection(ProjectConfigurationPlatforms) = postSolution
		{7E763E6D-E99C-485D-B71D-AEACB654CC51}.Debug|Any CPU.ActiveCfg = Debug|Any CPU
		{7E763E6D-E99C-485D-B71D-AEACB654CC51}.Debug|Any CPU.Build.0 = Debug|Any CPU
		{7E763E6D-E99C-485D-B71D-AEACB654CC51}.Release|Any CPU.ActiveCfg = Release|Any CPU
		{7E763E6D-E99C-485D-B71D-AEACB654CC51}.Release|Any CPU.Build.0 = Release|Any CPU
	EndGlobalSection
	GlobalSection(SolutionProperties) = preSolution
		HideSolutionNode = FALSE
	EndGlobalSection
	GlobalSection(ExtensibilityGlobals) = postSolution
		SolutionGuid = {B29CF560-0090-4611-9A8F-55360520E0C7}
	EndGlobalSection
EndGlobal
